// !$*UTF8*$!
{
	archiveVersion = 1;
	classes = {
	};
	objectVersion = 55;
	objects = {

/* Begin PBXBuildFile section */
		84336E2428BCF8B900202794 /* AppDelegate.swift in Sources */ = {isa = PBXBuildFile; fileRef = 84336E2328BCF8B900202794 /* AppDelegate.swift */; };
		84336E2628BCF8B900202794 /* SceneDelegate.swift in Sources */ = {isa = PBXBuildFile; fileRef = 84336E2528BCF8B900202794 /* SceneDelegate.swift */; };
		84336E2828BCF8B900202794 /* ViewController.swift in Sources */ = {isa = PBXBuildFile; fileRef = 84336E2728BCF8B900202794 /* ViewController.swift */; };
		84336E2B28BCF8B900202794 /* Main.storyboard in Resources */ = {isa = PBXBuildFile; fileRef = 84336E2928BCF8B900202794 /* Main.storyboard */; };
		84336E2D28BCF8BA00202794 /* Assets.xcassets in Resources */ = {isa = PBXBuildFile; fileRef = 84336E2C28BCF8BA00202794 /* Assets.xcassets */; };
		84336E3028BCF8BA00202794 /* LaunchScreen.storyboard in Resources */ = {isa = PBXBuildFile; fileRef = 84336E2E28BCF8BA00202794 /* LaunchScreen.storyboard */; };
		84336E3B28BCF8BA00202794 /* Code_Challenge__1Tests.swift in Sources */ = {isa = PBXBuildFile; fileRef = 84336E3A28BCF8BA00202794 /* Code_Challenge__1Tests.swift */; };
		84336E4528BCF8BA00202794 /* Code_Challenge__1UITests.swift in Sources */ = {isa = PBXBuildFile; fileRef = 84336E4428BCF8BA00202794 /* Code_Challenge__1UITests.swift */; };
		84336E4728BCF8BA00202794 /* Code_Challenge__1UITestsLaunchTests.swift in Sources */ = {isa = PBXBuildFile; fileRef = 84336E4628BCF8BA00202794 /* Code_Challenge__1UITestsLaunchTests.swift */; };
/* End PBXBuildFile section */

/* Begin PBXContainerItemProxy section */
		84336E3728BCF8BA00202794 /* PBXContainerItemProxy */ = {
			isa = PBXContainerItemProxy;
			containerPortal = 84336E1828BCF8B900202794 /* Project object */;
			proxyType = 1;
			remoteGlobalIDString = 84336E1F28BCF8B900202794;
			remoteInfo = "Code Challenge #1";
		};
		84336E4128BCF8BA00202794 /* PBXContainerItemProxy */ = {
			isa = PBXContainerItemProxy;
			containerPortal = 84336E1828BCF8B900202794 /* Project object */;
			proxyType = 1;
			remoteGlobalIDString = 84336E1F28BCF8B900202794;
			remoteInfo = "Code Challenge #1";
		};
/* End PBXContainerItemProxy section */

/* Begin PBXFileReference section */
		84336E2028BCF8B900202794 /* Code Challenge #1.app */ = {isa = PBXFileReference; explicitFileType = wrapper.application; includeInIndex = 0; path = "Code Challenge #1.app"; sourceTree = BUILT_PRODUCTS_DIR; };
		84336E2328BCF8B900202794 /* AppDelegate.swift */ = {isa = PBXFileReference; lastKnownFileType = sourcecode.swift; path = AppDelegate.swift; sourceTree = "<group>"; };
		84336E2528BCF8B900202794 /* SceneDelegate.swift */ = {isa = PBXFileReference; lastKnownFileType = sourcecode.swift; path = SceneDelegate.swift; sourceTree = "<group>"; };
		84336E2728BCF8B900202794 /* ViewController.swift */ = {isa = PBXFileReference; lastKnownFileType = sourcecode.swift; path = ViewController.swift; sourceTree = "<group>"; };
		84336E2A28BCF8B900202794 /* Base */ = {isa = PBXFileReference; lastKnownFileType = file.storyboard; name = Base; path = Base.lproj/Main.storyboard; sourceTree = "<group>"; };
		84336E2C28BCF8BA00202794 /* Assets.xcassets */ = {isa = PBXFileReference; lastKnownFileType = folder.assetcatalog; path = Assets.xcassets; sourceTree = "<group>"; };
		84336E2F28BCF8BA00202794 /* Base */ = {isa = PBXFileReference; lastKnownFileType = file.storyboard; name = Base; path = Base.lproj/LaunchScreen.storyboard; sourceTree = "<group>"; };
		84336E3128BCF8BA00202794 /* Info.plist */ = {isa = PBXFileReference; lastKnownFileType = text.plist.xml; path = Info.plist; sourceTree = "<group>"; };
		84336E3628BCF8BA00202794 /* Code Challenge #1Tests.xctest */ = {isa = PBXFileReference; explicitFileType = wrapper.cfbundle; includeInIndex = 0; path = "Code Challenge #1Tests.xctest"; sourceTree = BUILT_PRODUCTS_DIR; };
		84336E3A28BCF8BA00202794 /* Code_Challenge__1Tests.swift */ = {isa = PBXFileReference; lastKnownFileType = sourcecode.swift; path = Code_Challenge__1Tests.swift; sourceTree = "<group>"; };
		84336E4028BCF8BA00202794 /* Code Challenge #1UITests.xctest */ = {isa = PBXFileReference; explicitFileType = wrapper.cfbundle; includeInIndex = 0; path = "Code Challenge #1UITests.xctest"; sourceTree = BUILT_PRODUCTS_DIR; };
		84336E4428BCF8BA00202794 /* Code_Challenge__1UITests.swift */ = {isa = PBXFileReference; lastKnownFileType = sourcecode.swift; path = Code_Challenge__1UITests.swift; sourceTree = "<group>"; };
		84336E4628BCF8BA00202794 /* Code_Challenge__1UITestsLaunchTests.swift */ = {isa = PBXFileReference; lastKnownFileType = sourcecode.swift; path = Code_Challenge__1UITestsLaunchTests.swift; sourceTree = "<group>"; };
/* End PBXFileReference section */

/* Begin PBXFrameworksBuildPhase section */
		84336E1D28BCF8B900202794 /* Frameworks */ = {
			isa = PBXFrameworksBuildPhase;
			buildActionMask = 2147483647;
			files = (
			);
			runOnlyForDeploymentPostprocessing = 0;
		};
		84336E3328BCF8BA00202794 /* Frameworks */ = {
			isa = PBXFrameworksBuildPhase;
			buildActionMask = 2147483647;
			files = (
			);
			runOnlyForDeploymentPostprocessing = 0;
		};
		84336E3D28BCF8BA00202794 /* Frameworks */ = {
			isa = PBXFrameworksBuildPhase;
			buildActionMask = 2147483647;
			files = (
			);
			runOnlyForDeploymentPostprocessing = 0;
		};
/* End PBXFrameworksBuildPhase section */

/* Begin PBXGroup section */
		84336E1728BCF8B900202794 = {
			isa = PBXGroup;
			children = (
				84336E2228BCF8B900202794 /* Code Challenge #1 */,
				84336E3928BCF8BA00202794 /* Code Challenge #1Tests */,
				84336E4328BCF8BA00202794 /* Code Challenge #1UITests */,
				84336E2128BCF8B900202794 /* Products */,
			);
			sourceTree = "<group>";
		};
		84336E2128BCF8B900202794 /* Products */ = {
			isa = PBXGroup;
			children = (
				84336E2028BCF8B900202794 /* Code Challenge #1.app */,
				84336E3628BCF8BA00202794 /* Code Challenge #1Tests.xctest */,
				84336E4028BCF8BA00202794 /* Code Challenge #1UITests.xctest */,
			);
			name = Products;
			sourceTree = "<group>";
		};
		84336E2228BCF8B900202794 /* Code Challenge #1 */ = {
			isa = PBXGroup;
			children = (
				84336E2328BCF8B900202794 /* AppDelegate.swift */,
				84336E2528BCF8B900202794 /* SceneDelegate.swift */,
				84336E2728BCF8B900202794 /* ViewController.swift */,
				84336E2928BCF8B900202794 /* Main.storyboard */,
				84336E2C28BCF8BA00202794 /* Assets.xcassets */,
				84336E2E28BCF8BA00202794 /* LaunchScreen.storyboard */,
				84336E3128BCF8BA00202794 /* Info.plist */,
			);
			path = "Code Challenge #1";
			sourceTree = "<group>";
		};
		84336E3928BCF8BA00202794 /* Code Challenge #1Tests */ = {
			isa = PBXGroup;
			children = (
				84336E3A28BCF8BA00202794 /* Code_Challenge__1Tests.swift */,
			);
			path = "Code Challenge #1Tests";
			sourceTree = "<group>";
		};
		84336E4328BCF8BA00202794 /* Code Challenge #1UITests */ = {
			isa = PBXGroup;
			children = (
				84336E4428BCF8BA00202794 /* Code_Challenge__1UITests.swift */,
				84336E4628BCF8BA00202794 /* Code_Challenge__1UITestsLaunchTests.swift */,
			);
			path = "Code Challenge #1UITests";
			sourceTree = "<group>";
		};
/* End PBXGroup section */

/* Begin PBXNativeTarget section */
		84336E1F28BCF8B900202794 /* Code Challenge #1 */ = {
			isa = PBXNativeTarget;
			buildConfigurationList = 84336E4A28BCF8BA00202794 /* Build configuration list for PBXNativeTarget "Code Challenge #1" */;
			buildPhases = (
				84336E1C28BCF8B900202794 /* Sources */,
				84336E1D28BCF8B900202794 /* Frameworks */,
				84336E1E28BCF8B900202794 /* Resources */,
			);
			buildRules = (
			);
			dependencies = (
			);
			name = "Code Challenge #1";
			productName = "Code Challenge #1";
			productReference = 84336E2028BCF8B900202794 /* Code Challenge #1.app */;
			productType = "com.apple.product-type.application";
		};
		84336E3528BCF8BA00202794 /* Code Challenge #1Tests */ = {
			isa = PBXNativeTarget;
			buildConfigurationList = 84336E4D28BCF8BA00202794 /* Build configuration list for PBXNativeTarget "Code Challenge #1Tests" */;
			buildPhases = (
				84336E3228BCF8BA00202794 /* Sources */,
				84336E3328BCF8BA00202794 /* Frameworks */,
				84336E3428BCF8BA00202794 /* Resources */,
			);
			buildRules = (
			);
			dependencies = (
				84336E3828BCF8BA00202794 /* PBXTargetDependency */,
			);
			name = "Code Challenge #1Tests";
			productName = "Code Challenge #1Tests";
			productReference = 84336E3628BCF8BA00202794 /* Code Challenge #1Tests.xctest */;
			productType = "com.apple.product-type.bundle.unit-test";
		};
		84336E3F28BCF8BA00202794 /* Code Challenge #1UITests */ = {
			isa = PBXNativeTarget;
			buildConfigurationList = 84336E5028BCF8BA00202794 /* Build configuration list for PBXNativeTarget "Code Challenge #1UITests" */;
			buildPhases = (
				84336E3C28BCF8BA00202794 /* Sources */,
				84336E3D28BCF8BA00202794 /* Frameworks */,
				84336E3E28BCF8BA00202794 /* Resources */,
			);
			buildRules = (
			);
			dependencies = (
				84336E4228BCF8BA00202794 /* PBXTargetDependency */,
			);
			name = "Code Challenge #1UITests";
			productName = "Code Challenge #1UITests";
			productReference = 84336E4028BCF8BA00202794 /* Code Challenge #1UITests.xctest */;
			productType = "com.apple.product-type.bundle.ui-testing";
		};
/* End PBXNativeTarget section */

/* Begin PBXProject section */
		84336E1828BCF8B900202794 /* Project object */ = {
			isa = PBXProject;
			attributes = {
				BuildIndependentTargetsInParallel = 1;
				LastSwiftUpdateCheck = 1340;
				LastUpgradeCheck = 1340;
				TargetAttributes = {
					84336E1F28BCF8B900202794 = {
						CreatedOnToolsVersion = 13.4.1;
					};
					84336E3528BCF8BA00202794 = {
						CreatedOnToolsVersion = 13.4.1;
						TestTargetID = 84336E1F28BCF8B900202794;
					};
					84336E3F28BCF8BA00202794 = {
						CreatedOnToolsVersion = 13.4.1;
						TestTargetID = 84336E1F28BCF8B900202794;
					};
				};
			};
			buildConfigurationList = 84336E1B28BCF8B900202794 /* Build configuration list for PBXProject "Code Challenge #1" */;
			compatibilityVersion = "Xcode 13.0";
			developmentRegion = en;
			hasScannedForEncodings = 0;
			knownRegions = (
				en,
				Base,
			);
			mainGroup = 84336E1728BCF8B900202794;
			productRefGroup = 84336E2128BCF8B900202794 /* Products */;
			projectDirPath = "";
			projectRoot = "";
			targets = (
				84336E1F28BCF8B900202794 /* Code Challenge #1 */,
				84336E3528BCF8BA00202794 /* Code Challenge #1Tests */,
				84336E3F28BCF8BA00202794 /* Code Challenge #1UITests */,
			);
		};
/* End PBXProject section */

/* Begin PBXResourcesBuildPhase section */
		84336E1E28BCF8B900202794 /* Resources */ = {
			isa = PBXResourcesBuildPhase;
			buildActionMask = 2147483647;
			files = (
				84336E3028BCF8BA00202794 /* LaunchScreen.storyboard in Resources */,
				84336E2D28BCF8BA00202794 /* Assets.xcassets in Resources */,
				84336E2B28BCF8B900202794 /* Main.storyboard in Resources */,
			);
			runOnlyForDeploymentPostprocessing = 0;
		};
		84336E3428BCF8BA00202794 /* Resources */ = {
			isa = PBXResourcesBuildPhase;
			buildActionMask = 2147483647;
			files = (
			);
			runOnlyForDeploymentPostprocessing = 0;
		};
		84336E3E28BCF8BA00202794 /* Resources */ = {
			isa = PBXResourcesBuildPhase;
			buildActionMask = 2147483647;
			files = (
			);
			runOnlyForDeploymentPostprocessing = 0;
		};
/* End PBXResourcesBuildPhase section */

/* Begin PBXSourcesBuildPhase section */
		84336E1C28BCF8B900202794 /* Sources */ = {
			isa = PBXSourcesBuildPhase;
			buildActionMask = 2147483647;
			files = (
				84336E2828BCF8B900202794 /* ViewController.swift in Sources */,
				84336E2428BCF8B900202794 /* AppDelegate.swift in Sources */,
				84336E2628BCF8B900202794 /* SceneDelegate.swift in Sources */,
			);
			runOnlyForDeploymentPostprocessing = 0;
		};
		84336E3228BCF8BA00202794 /* Sources */ = {
			isa = PBXSourcesBuildPhase;
			buildActionMask = 2147483647;
			files = (
				84336E3B28BCF8BA00202794 /* Code_Challenge__1Tests.swift in Sources */,
			);
			runOnlyForDeploymentPostprocessing = 0;
		};
		84336E3C28BCF8BA00202794 /* Sources */ = {
			isa = PBXSourcesBuildPhase;
			buildActionMask = 2147483647;
			files = (
				84336E4528BCF8BA00202794 /* Code_Challenge__1UITests.swift in Sources */,
				84336E4728BCF8BA00202794 /* Code_Challenge__1UITestsLaunchTests.swift in Sources */,
			);
			runOnlyForDeploymentPostprocessing = 0;
		};
/* End PBXSourcesBuildPhase section */

/* Begin PBXTargetDependency section */
		84336E3828BCF8BA00202794 /* PBXTargetDependency */ = {
			isa = PBXTargetDependency;
			target = 84336E1F28BCF8B900202794 /* Code Challenge #1 */;
			targetProxy = 84336E3728BCF8BA00202794 /* PBXContainerItemProxy */;
		};
		84336E4228BCF8BA00202794 /* PBXTargetDependency */ = {
			isa = PBXTargetDependency;
			target = 84336E1F28BCF8B900202794 /* Code Challenge #1 */;
			targetProxy = 84336E4128BCF8BA00202794 /* PBXContainerItemProxy */;
		};
/* End PBXTargetDependency section */

/* Begin PBXVariantGroup section */
		84336E2928BCF8B900202794 /* Main.storyboard */ = {
			isa = PBXVariantGroup;
			children = (
				84336E2A28BCF8B900202794 /* Base */,
			);
			name = Main.storyboard;
			sourceTree = "<group>";
		};
		84336E2E28BCF8BA00202794 /* LaunchScreen.storyboard */ = {
			isa = PBXVariantGroup;
			children = (
				84336E2F28BCF8BA00202794 /* Base */,
			);
			name = LaunchScreen.storyboard;
			sourceTree = "<group>";
		};
/* End PBXVariantGroup section */

/* Begin XCBuildConfiguration section */
		84336E4828BCF8BA00202794 /* Debug */ = {
			isa = XCBuildConfiguration;
			buildSettings = {
				ALWAYS_SEARCH_USER_PATHS = NO;
				CLANG_ANALYZER_NONNULL = YES;
				CLANG_ANALYZER_NUMBER_OBJECT_CONVERSION = YES_AGGRESSIVE;
				CLANG_CXX_LANGUAGE_STANDARD = "gnu++17";
				CLANG_ENABLE_MODULES = YES;
				CLANG_ENABLE_OBJC_ARC = YES;
				CLANG_ENABLE_OBJC_WEAK = YES;
				CLANG_WARN_BLOCK_CAPTURE_AUTORELEASING = YES;
				CLANG_WARN_BOOL_CONVERSION = YES;
				CLANG_WARN_COMMA = YES;
				CLANG_WARN_CONSTANT_CONVERSION = YES;
				CLANG_WARN_DEPRECATED_OBJC_IMPLEMENTATIONS = YES;
				CLANG_WARN_DIRECT_OBJC_ISA_USAGE = YES_ERROR;
				CLANG_WARN_DOCUMENTATION_COMMENTS = YES;
				CLANG_WARN_EMPTY_BODY = YES;
				CLANG_WARN_ENUM_CONVERSION = YES;
				CLANG_WARN_INFINITE_RECURSION = YES;
				CLANG_WARN_INT_CONVERSION = YES;
				CLANG_WARN_NON_LITERAL_NULL_CONVERSION = YES;
				CLANG_WARN_OBJC_IMPLICIT_RETAIN_SELF = YES;
				CLANG_WARN_OBJC_LITERAL_CONVERSION = YES;
				CLANG_WARN_OBJC_ROOT_CLASS = YES_ERROR;
				CLANG_WARN_QUOTED_INCLUDE_IN_FRAMEWORK_HEADER = YES;
				CLANG_WARN_RANGE_LOOP_ANALYSIS = YES;
				CLANG_WARN_STRICT_PROTOTYPES = YES;
				CLANG_WARN_SUSPICIOUS_MOVE = YES;
				CLANG_WARN_UNGUARDED_AVAILABILITY = YES_AGGRESSIVE;
				CLANG_WARN_UNREACHABLE_CODE = YES;
				CLANG_WARN__DUPLICATE_METHOD_MATCH = YES;
				COPY_PHASE_STRIP = NO;
				DEBUG_INFORMATION_FORMAT = dwarf;
				ENABLE_STRICT_OBJC_MSGSEND = YES;
				ENABLE_TESTABILITY = YES;
				GCC_C_LANGUAGE_STANDARD = gnu11;
				GCC_DYNAMIC_NO_PIC = NO;
				GCC_NO_COMMON_BLOCKS = YES;
				GCC_OPTIMIZATION_LEVEL = 0;
				GCC_PREPROCESSOR_DEFINITIONS = (
					"DEBUG=1",
					"$(inherited)",
				);
				GCC_WARN_64_TO_32_BIT_CONVERSION = YES;
				GCC_WARN_ABOUT_RETURN_TYPE = YES_ERROR;
				GCC_WARN_UNDECLARED_SELECTOR = YES;
				GCC_WARN_UNINITIALIZED_AUTOS = YES_AGGRESSIVE;
				GCC_WARN_UNUSED_FUNCTION = YES;
				GCC_WARN_UNUSED_VARIABLE = YES;
				IPHONEOS_DEPLOYMENT_TARGET = 15.5;
				MTL_ENABLE_DEBUG_INFO = INCLUDE_SOURCE;
				MTL_FAST_MATH = YES;
				ONLY_ACTIVE_ARCH = YES;
				SDKROOT = iphoneos;
				SWIFT_ACTIVE_COMPILATION_CONDITIONS = DEBUG;
				SWIFT_OPTIMIZATION_LEVEL = "-Onone";
			};
			name = Debug;
		};
		84336E4928BCF8BA00202794 /* Release */ = {
			isa = XCBuildConfiguration;
			buildSettings = {
				ALWAYS_SEARCH_USER_PATHS = NO;
				CLANG_ANALYZER_NONNULL = YES;
				CLANG_ANALYZER_NUMBER_OBJECT_CONVERSION = YES_AGGRESSIVE;
				CLANG_CXX_LANGUAGE_STANDARD = "gnu++17";
				CLANG_ENABLE_MODULES = YES;
				CLANG_ENABLE_OBJC_ARC = YES;
				CLANG_ENABLE_OBJC_WEAK = YES;
				CLANG_WARN_BLOCK_CAPTURE_AUTORELEASING = YES;
				CLANG_WARN_BOOL_CONVERSION = YES;
				CLANG_WARN_COMMA = YES;
				CLANG_WARN_CONSTANT_CONVERSION = YES;
				CLANG_WARN_DEPRECATED_OBJC_IMPLEMENTATIONS = YES;
				CLANG_WARN_DIRECT_OBJC_ISA_USAGE = YES_ERROR;
				CLANG_WARN_DOCUMENTATION_COMMENTS = YES;
				CLANG_WARN_EMPTY_BODY = YES;
				CLANG_WARN_ENUM_CONVERSION = YES;
				CLANG_WARN_INFINITE_RECURSION = YES;
				CLANG_WARN_INT_CONVERSION = YES;
				CLANG_WARN_NON_LITERAL_NULL_CONVERSION = YES;
				CLANG_WARN_OBJC_IMPLICIT_RETAIN_SELF = YES;
				CLANG_WARN_OBJC_LITERAL_CONVERSION = YES;
				CLANG_WARN_OBJC_ROOT_CLASS = YES_ERROR;
				CLANG_WARN_QUOTED_INCLUDE_IN_FRAMEWORK_HEADER = YES;
				CLANG_WARN_RANGE_LOOP_ANALYSIS = YES;
				CLANG_WARN_STRICT_PROTOTYPES = YES;
				CLANG_WARN_SUSPICIOUS_MOVE = YES;
				CLANG_WARN_UNGUARDED_AVAILABILITY = YES_AGGRESSIVE;
				CLANG_WARN_UNREACHABLE_CODE = YES;
				CLANG_WARN__DUPLICATE_METHOD_MATCH = YES;
				COPY_PHASE_STRIP = NO;
				DEBUG_INFORMATION_FORMAT = "dwarf-with-dsym";
				ENABLE_NS_ASSERTIONS = NO;
				ENABLE_STRICT_OBJC_MSGSEND = YES;
				GCC_C_LANGUAGE_STANDARD = gnu11;
				GCC_NO_COMMON_BLOCKS = YES;
				GCC_WARN_64_TO_32_BIT_CONVERSION = YES;
				GCC_WARN_ABOUT_RETURN_TYPE = YES_ERROR;
				GCC_WARN_UNDECLARED_SELECTOR = YES;
				GCC_WARN_UNINITIALIZED_AUTOS = YES_AGGRESSIVE;
				GCC_WARN_UNUSED_FUNCTION = YES;
				GCC_WARN_UNUSED_VARIABLE = YES;
				IPHONEOS_DEPLOYMENT_TARGET = 15.5;
				MTL_ENABLE_DEBUG_INFO = NO;
				MTL_FAST_MATH = YES;
				SDKROOT = iphoneos;
				SWIFT_COMPILATION_MODE = wholemodule;
				SWIFT_OPTIMIZATION_LEVEL = "-O";
				VALIDATE_PRODUCT = YES;
			};
			name = Release;
		};
		84336E4B28BCF8BA00202794 /* Debug */ = {
			isa = XCBuildConfiguration;
			buildSettings = {
				ASSETCATALOG_COMPILER_APPICON_NAME = AppIcon;
				ASSETCATALOG_COMPILER_GLOBAL_ACCENT_COLOR_NAME = AccentColor;
				CODE_SIGN_STYLE = Automatic;
				CURRENT_PROJECT_VERSION = 1;
				DEVELOPMENT_TEAM = DZ3TA47N89;
				GENERATE_INFOPLIST_FILE = YES;
				INFOPLIST_FILE = "Code Challenge #1/Info.plist";
				INFOPLIST_KEY_UIApplicationSupportsIndirectInputEvents = YES;
				INFOPLIST_KEY_UILaunchStoryboardName = LaunchScreen;
				INFOPLIST_KEY_UIMainStoryboardFile = Main;
				INFOPLIST_KEY_UISupportedInterfaceOrientations_iPad = "UIInterfaceOrientationPortrait UIInterfaceOrientationPortraitUpsideDown UIInterfaceOrientationLandscapeLeft UIInterfaceOrientationLandscapeRight";
				INFOPLIST_KEY_UISupportedInterfaceOrientations_iPhone = "UIInterfaceOrientationPortrait UIInterfaceOrientationLandscapeLeft UIInterfaceOrientationLandscapeRight";
				LD_RUNPATH_SEARCH_PATHS = (
					"$(inherited)",
					"@executable_path/Frameworks",
				);
				MARKETING_VERSION = 1.0;
				PRODUCT_BUNDLE_IDENTIFIER = "org.d127.240385.Code-Challenge--1";
				PRODUCT_NAME = "$(TARGET_NAME)";
				SWIFT_EMIT_LOC_STRINGS = YES;
				SWIFT_VERSION = 5.0;
				TARGETED_DEVICE_FAMILY = "1,2";
			};
			name = Debug;
		};
		84336E4C28BCF8BA00202794 /* Release */ = {
			isa = XCBuildConfiguration;
			buildSettings = {
				ASSETCATALOG_COMPILER_APPICON_NAME = AppIcon;
				ASSETCATALOG_COMPILER_GLOBAL_ACCENT_COLOR_NAME = AccentColor;
				CODE_SIGN_STYLE = Automatic;
				CURRENT_PROJECT_VERSION = 1;
				DEVELOPMENT_TEAM = DZ3TA47N89;
				GENERATE_INFOPLIST_FILE = YES;
				INFOPLIST_FILE = "Code Challenge #1/Info.plist";
				INFOPLIST_KEY_UIApplicationSupportsIndirectInputEvents = YES;
				INFOPLIST_KEY_UILaunchStoryboardName = LaunchScreen;
				INFOPLIST_KEY_UIMainStoryboardFile = Main;
				INFOPLIST_KEY_UISupportedInterfaceOrientations_iPad = "UIInterfaceOrientationPortrait UIInterfaceOrientationPortraitUpsideDown UIInterfaceOrientationLandscapeLeft UIInterfaceOrientationLandscapeRight";
				INFOPLIST_KEY_UISupportedInterfaceOrientations_iPhone = "UIInterfaceOrientationPortrait UIInterfaceOrientationLandscapeLeft UIInterfaceOrientationLandscapeRight";
				LD_RUNPATH_SEARCH_PATHS = (
					"$(inherited)",
					"@executable_path/Frameworks",
				);
				MARKETING_VERSION = 1.0;
				PRODUCT_BUNDLE_IDENTIFIER = "org.d127.240385.Code-Challenge--1";
				PRODUCT_NAME = "$(TARGET_NAME)";
				SWIFT_EMIT_LOC_STRINGS = YES;
				SWIFT_VERSION = 5.0;
				TARGETED_DEVICE_FAMILY = "1,2";
			};
			name = Release;
		};
		84336E4E28BCF8BA00202794 /* Debug */ = {
			isa = XCBuildConfiguration;
			buildSettings = {
				ALWAYS_EMBED_SWIFT_STANDARD_LIBRARIES = YES;
				BUNDLE_LOADER = "$(TEST_HOST)";
				CODE_SIGN_STYLE = Automatic;
				CURRENT_PROJECT_VERSION = 1;
				DEVELOPMENT_TEAM = DZ3TA47N89;
				GENERATE_INFOPLIST_FILE = YES;
				IPHONEOS_DEPLOYMENT_TARGET = 15.5;
				MARKETING_VERSION = 1.0;
				PRODUCT_BUNDLE_IDENTIFIER = "org.d127.240385.Code-Challenge--1Tests";
				PRODUCT_NAME = "$(TARGET_NAME)";
				SWIFT_EMIT_LOC_STRINGS = NO;
				SWIFT_VERSION = 5.0;
				TARGETED_DEVICE_FAMILY = "1,2";
				TEST_HOST = "$(BUILT_PRODUCTS_DIR)/Code Challenge #1.app/Code Challenge #1";
			};
			name = Debug;
		};
		84336E4F28BCF8BA00202794 /* Release */ = {
			isa = XCBuildConfiguration;
			buildSettings = {
				ALWAYS_EMBED_SWIFT_STANDARD_LIBRARIES = YES;
				BUNDLE_LOADER = "$(TEST_HOST)";
				CODE_SIGN_STYLE = Automatic;
				CURRENT_PROJECT_VERSION = 1;
				DEVELOPMENT_TEAM = DZ3TA47N89;
				GENERATE_INFOPLIST_FILE = YES;
				IPHONEOS_DEPLOYMENT_TARGET = 15.5;
				MARKETING_VERSION = 1.0;
				PRODUCT_BUNDLE_IDENTIFIER = "org.d127.240385.Code-Challenge--1Tests";
				PRODUCT_NAME = "$(TARGET_NAME)";
				SWIFT_EMIT_LOC_STRINGS = NO;
				SWIFT_VERSION = 5.0;
				TARGETED_DEVICE_FAMILY = "1,2";
				TEST_HOST = "$(BUILT_PRODUCTS_DIR)/Code Challenge #1.app/Code Challenge #1";
			};
			name = Release;
		};
		84336E5128BCF8BA00202794 /* Debug */ = {
			isa = XCBuildConfiguration;
			buildSettings = {
				ALWAYS_EMBED_SWIFT_STANDARD_LIBRARIES = YES;
				CODE_SIGN_STYLE = Automatic;
				CURRENT_PROJECT_VERSION = 1;
				DEVELOPMENT_TEAM = DZ3TA47N89;
				GENERATE_INFOPLIST_FILE = YES;
				MARKETING_VERSION = 1.0;
				PRODUCT_BUNDLE_IDENTIFIER = "org.d127.240385.Code-Challenge--1UITests";
				PRODUCT_NAME = "$(TARGET_NAME)";
				SWIFT_EMIT_LOC_STRINGS = NO;
				SWIFT_VERSION = 5.0;
				TARGETED_DEVICE_FAMILY = "1,2";
				TEST_TARGET_NAME = "Code Challenge #1";
			};
			name = Debug;
		};
		84336E5228BCF8BA00202794 /* Release */ = {
			isa = XCBuildConfiguration;
			buildSettings = {
				ALWAYS_EMBED_SWIFT_STANDARD_LIBRARIES = YES;
				CODE_SIGN_STYLE = Automatic;
				CURRENT_PROJECT_VERSION = 1;
				DEVELOPMENT_TEAM = DZ3TA47N89;
				GENERATE_INFOPLIST_FILE = YES;
				MARKETING_VERSION = 1.0;
				PRODUCT_BUNDLE_IDENTIFIER = "org.d127.240385.Code-Challenge--1UITests";
				PRODUCT_NAME = "$(TARGET_NAME)";
				SWIFT_EMIT_LOC_STRINGS = NO;
				SWIFT_VERSION = 5.0;
				TARGETED_DEVICE_FAMILY = "1,2";
				TEST_TARGET_NAME = "Code Challenge #1";
			};
			name = Release;
		};
/* End XCBuildConfiguration section */

/* Begin XCConfigurationList section */
		84336E1B28BCF8B900202794 /* Build configuration list for PBXProject "Code Challenge #1" */ = {
			isa = XCConfigurationList;
			buildConfigurations = (
				84336E4828BCF8BA00202794 /* Debug */,
				84336E4928BCF8BA00202794 /* Release */,
			);
			defaultConfigurationIsVisible = 0;
			defaultConfigurationName = Release;
		};
		84336E4A28BCF8BA00202794 /* Build configuration list for PBXNativeTarget "Code Challenge #1" */ = {
			isa = XCConfigurationList;
			buildConfigurations = (
				84336E4B28BCF8BA00202794 /* Debug */,
				84336E4C28BCF8BA00202794 /* Release */,
			);
			defaultConfigurationIsVisible = 0;
			defaultConfigurationName = Release;
		};
		84336E4D28BCF8BA00202794 /* Build configuration list for PBXNativeTarget "Code Challenge #1Tests" */ = {
			isa = XCConfigurationList;
			buildConfigurations = (
				84336E4E28BCF8BA00202794 /* Debug */,
				84336E4F28BCF8BA00202794 /* Release */,
			);
			defaultConfigurationIsVisible = 0;
			defaultConfigurationName = Release;
		};
		84336E5028BCF8BA00202794 /* Build configuration list for PBXNativeTarget "Code Challenge #1UITests" */ = {
			isa = XCConfigurationList;
			buildConfigurations = (
				84336E5128BCF8BA00202794 /* Debug */,
				84336E5228BCF8BA00202794 /* Release */,
			);
			defaultConfigurationIsVisible = 0;
			defaultConfigurationName = Release;
		};
/* End XCConfigurationList section */
	};
	rootObject = 84336E1828BCF8B900202794 /* Project object */;
}
